
Microsoft Visual Studio Solution File, Format Version 12.00
# Visual Studio 15
VisualStudioVersion = 15.0.27130.2036
MinimumVisualStudioVersion = 10.0.40219.1
Project("{FAE04EC0-301F-11D3-BF4B-00C04F79EFBC}") = "CSS490-Assignment4", "CSS490-Assignment4\CSS490-Assignment4.csproj", "{D1FA8B76-7111-426E-8955-84FC098D014A}"
EndProject
Global
	GlobalSection(SolutionConfigurationPlatforms) = preSolution
		Debug|Any CPU = Debug|Any CPU
		Release|Any CPU = Release|Any CPU
	EndGlobalSection
	GlobalSection(ProjectConfigurationPlatforms) = postSolution
		{D1FA8B76-7111-426E-8955-84FC098D014A}.Debug|Any CPU.ActiveCfg = Debug|Any CPU
		{D1FA8B76-7111-426E-8955-84FC098D014A}.Debug|Any CPU.Build.0 = Debug|Any CPU
		{D1FA8B76-7111-426E-8955-84FC098D014A}.Release|Any CPU.ActiveCfg = Release|Any CPU
		{D1FA8B76-7111-426E-8955-84FC098D014A}.Release|Any CPU.Build.0 = Release|Any CPU
	EndGlobalSection
	GlobalSection(SolutionProperties) = preSolution
		HideSolutionNode = FALSE
	EndGlobalSection
	GlobalSection(ExtensibilityGlobals) = postSolution
		SolutionGuid = {1D41E07C-E400-467F-BF4F-0FEA29FE36F0}
	EndGlobalSection
EndGlobal
